
Microsoft Visual Studio Solution File, Format Version 12.00
# Visual Studio Version 17
VisualStudioVersion = 17.9.34616.47
MinimumVisualStudioVersion = 10.0.40219.1
Project("{FAE04EC0-301F-11D3-BF4B-00C04F79EFBC}") = "TestingWithAlec", "TestingWithAlec\TestingWithAlec.csproj", "{EB23B97D-DDF1-4EBF-BB81-35FACB461D86}"
EndProject
Global
	GlobalSection(SolutionConfigurationPlatforms) = preSolution
		Debug|Any CPU = Debug|Any CPU
		Release|Any CPU = Release|Any CPU
	EndGlobalSection
	GlobalSection(ProjectConfigurationPlatforms) = postSolution
		{EB23B97D-DDF1-4EBF-BB81-35FACB461D86}.Debug|Any CPU.ActiveCfg = Debug|Any CPU
		{EB23B97D-DDF1-4EBF-BB81-35FACB461D86}.Debug|Any CPU.Build.0 = Debug|Any CPU
		{EB23B97D-DDF1-4EBF-BB81-35FACB461D86}.Release|Any CPU.ActiveCfg = Release|Any CPU
		{EB23B97D-DDF1-4EBF-BB81-35FACB461D86}.Release|Any CPU.Build.0 = Release|Any CPU
	EndGlobalSection
	GlobalSection(SolutionProperties) = preSolution
		HideSolutionNode = FALSE
	EndGlobalSection
	GlobalSection(ExtensibilityGlobals) = postSolution
		SolutionGuid = {D02136F5-3741-4222-BB56-C3A99A242D94}
	EndGlobalSection
EndGlobal
