
Microsoft Visual Studio Solution File, Format Version 12.00
# Visual Studio Version 17
VisualStudioVersion = 17.9.34607.119
MinimumVisualStudioVersion = 10.0.40219.1
Project("{FAE04EC0-301F-11D3-BF4B-00C04F79EFBC}") = "InterfaceAndDI_EventExample", "InterfaceAndDI_EventExample.csproj", "{1E231713-FAD6-4D3B-81AF-B0E3EB33A497}"
EndProject
Global
	GlobalSection(SolutionConfigurationPlatforms) = preSolution
		Debug|Any CPU = Debug|Any CPU
		Release|Any CPU = Release|Any CPU
	EndGlobalSection
	GlobalSection(ProjectConfigurationPlatforms) = postSolution
		{1E231713-FAD6-4D3B-81AF-B0E3EB33A497}.Debug|Any CPU.ActiveCfg = Debug|Any CPU
		{1E231713-FAD6-4D3B-81AF-B0E3EB33A497}.Debug|Any CPU.Build.0 = Debug|Any CPU
		{1E231713-FAD6-4D3B-81AF-B0E3EB33A497}.Release|Any CPU.ActiveCfg = Release|Any CPU
		{1E231713-FAD6-4D3B-81AF-B0E3EB33A497}.Release|Any CPU.Build.0 = Release|Any CPU
	EndGlobalSection
	GlobalSection(SolutionProperties) = preSolution
		HideSolutionNode = FALSE
	EndGlobalSection
	GlobalSection(ExtensibilityGlobals) = postSolution
		SolutionGuid = {03DC3401-A72A-4DFF-9DD3-9D443BE272DC}
	EndGlobalSection
EndGlobal
