
Microsoft Visual Studio Solution File, Format Version 12.00
# Visual Studio Version 17
VisualStudioVersion = 17.5.002.0
MinimumVisualStudioVersion = 10.0.40219.1
Project("{2150E333-8FDC-42A3-9474-1A3956D46DE8}") = "Week1", "Week1", "{EFDCE633-1891-4A77-874F-97520C34FBEB}"
EndProject
Project("{9A19103F-16F7-4668-BE54-9A1E7A4F7556}") = "Accumulator", "Week1\Accumulator\Accumulator.csproj", "{FBBA7A26-DF04-4F01-9513-4FE1E4DAFC7F}"
EndProject
Project("{9A19103F-16F7-4668-BE54-9A1E7A4F7556}") = "Methods", "Week1\Methods\Methods.csproj", "{85EAE1D7-BFA8-4502-9163-FCA88536853F}"
EndProject
Project("{9A19103F-16F7-4668-BE54-9A1E7A4F7556}") = "Week1Challenge", "Week1\Week1Challenge\Week1Challenge.csproj", "{6106789F-8D6F-4ADA-9762-6443E9C9C3CF}"
EndProject
Project("{9A19103F-16F7-4668-BE54-9A1E7A4F7556}") = "Week1Practice", "Week1\Week1Practice\Week1Practice.csproj", "{8BA43C14-C7BC-4482-8831-11BEE49383D6}"
EndProject
Project("{2150E333-8FDC-42A3-9474-1A3956D46DE8}") = "Week2", "Week2", "{A23C006D-FC0E-4740-B14D-D11B4F7F7E8E}"
EndProject
Project("{9A19103F-16F7-4668-BE54-9A1E7A4F7556}") = "Week2Array", "Week2\Week2Array\Week2Array.csproj", "{6981A09E-0EE9-403B-B68E-525EAD4FA822}"
EndProject
Project("{9A19103F-16F7-4668-BE54-9A1E7A4F7556}") = "week2challenge", "Week2\Week2Challenge\week2challenge.csproj", "{B755E757-F31B-4C62-B878-D0D147E48D99}"
EndProject
Project("{9A19103F-16F7-4668-BE54-9A1E7A4F7556}") = "week2challengebonus", "Week2\Week2ChallengeBonus\week2challengebonus.csproj", "{E7678990-2A20-4C9A-B21E-57F98BF58B74}"
EndProject
Project("{9A19103F-16F7-4668-BE54-9A1E7A4F7556}") = "Week2CRUD", "Week2\Week2CRUD\Week2CRUD.csproj", "{8ECC72B0-017D-41E3-BA3E-6C2A311ACD2B}"
EndProject
Project("{2150E333-8FDC-42A3-9474-1A3956D46DE8}") = "Week3", "Week3", "{DE116D74-728C-497D-9837-227448022529}"
EndProject
Project("{9A19103F-16F7-4668-BE54-9A1E7A4F7556}") = "inheritanceExample", "Week3\InheritanceExample\inheritanceExample.csproj", "{D6A579B5-E345-46EA-9EA9-9520AD3C3360}"
EndProject
Project("{9A19103F-16F7-4668-BE54-9A1E7A4F7556}") = "MusicCollect", "Week3\musicClassExample\MusicCollect.csproj", "{8B11DFD2-75E5-4637-AD6D-B0FB50B7DE6A}"
EndProject
Project("{9A19103F-16F7-4668-BE54-9A1E7A4F7556}") = "musicclasspoly", "Week3\musicClassPoly\musicclasspoly.csproj", "{CDF36246-2568-4C24-8838-8E663B0E4171}"
EndProject
Project("{9A19103F-16F7-4668-BE54-9A1E7A4F7556}") = "week3", "Week3\restaurantClass\week3.csproj", "{873AD453-E537-4E7E-B796-306B311760FC}"
EndProject
Project("{9A19103F-16F7-4668-BE54-9A1E7A4F7556}") = "restaurantclassinheritance", "Week3\restaurantClassInheritance\restaurantclassinheritance.csproj", "{4BA383BF-5533-4BE5-AA10-6BB3CC255F03}"
EndProject
Project("{9A19103F-16F7-4668-BE54-9A1E7A4F7556}") = "restaurantclasspolymorphism", "Week3\restaurantClassPolymorphism\restaurantclasspolymorphism.csproj", "{D39131F8-E62E-4506-B3BC-781994A05F7E}"
EndProject
Project("{9A19103F-16F7-4668-BE54-9A1E7A4F7556}") = "week3challenge", "Week3\Week3Challenge\week3challenge.csproj", "{316410E0-0373-4056-AB8C-A811AC1D1BED}"
EndProject
Project("{9A19103F-16F7-4668-BE54-9A1E7A4F7556}") = "whiskeyinheritanceexample", "Week3\WhiskeyInheritanceExample\whiskeyinheritanceexample.csproj", "{67697729-2B9B-41C7-B1CE-C6C82AA0DCB8}"
EndProject
Project("{2150E333-8FDC-42A3-9474-1A3956D46DE8}") = "Week4", "Week4", "{84BF2483-2EDE-48B7-94B6-ACBA7C843C76}"
EndProject
Project("{9A19103F-16F7-4668-BE54-9A1E7A4F7556}") = "listabstractclass", "Week4\listAbstractClass\listabstractclass.csproj", "{34208FF2-8FA0-4E08-9E52-4CA80FB645CC}"
EndProject
Global
	GlobalSection(SolutionConfigurationPlatforms) = preSolution
		Debug|Any CPU = Debug|Any CPU
		Release|Any CPU = Release|Any CPU
	EndGlobalSection
	GlobalSection(ProjectConfigurationPlatforms) = postSolution
		{FBBA7A26-DF04-4F01-9513-4FE1E4DAFC7F}.Debug|Any CPU.ActiveCfg = Debug|Any CPU
		{FBBA7A26-DF04-4F01-9513-4FE1E4DAFC7F}.Debug|Any CPU.Build.0 = Debug|Any CPU
		{FBBA7A26-DF04-4F01-9513-4FE1E4DAFC7F}.Release|Any CPU.ActiveCfg = Release|Any CPU
		{FBBA7A26-DF04-4F01-9513-4FE1E4DAFC7F}.Release|Any CPU.Build.0 = Release|Any CPU
		{85EAE1D7-BFA8-4502-9163-FCA88536853F}.Debug|Any CPU.ActiveCfg = Debug|Any CPU
		{85EAE1D7-BFA8-4502-9163-FCA88536853F}.Debug|Any CPU.Build.0 = Debug|Any CPU
		{85EAE1D7-BFA8-4502-9163-FCA88536853F}.Release|Any CPU.ActiveCfg = Release|Any CPU
		{85EAE1D7-BFA8-4502-9163-FCA88536853F}.Release|Any CPU.Build.0 = Release|Any CPU
		{6106789F-8D6F-4ADA-9762-6443E9C9C3CF}.Debug|Any CPU.ActiveCfg = Debug|Any CPU
		{6106789F-8D6F-4ADA-9762-6443E9C9C3CF}.Debug|Any CPU.Build.0 = Debug|Any CPU
		{6106789F-8D6F-4ADA-9762-6443E9C9C3CF}.Release|Any CPU.ActiveCfg = Release|Any CPU
		{6106789F-8D6F-4ADA-9762-6443E9C9C3CF}.Release|Any CPU.Build.0 = Release|Any CPU
		{8BA43C14-C7BC-4482-8831-11BEE49383D6}.Debug|Any CPU.ActiveCfg = Debug|Any CPU
		{8BA43C14-C7BC-4482-8831-11BEE49383D6}.Debug|Any CPU.Build.0 = Debug|Any CPU
		{8BA43C14-C7BC-4482-8831-11BEE49383D6}.Release|Any CPU.ActiveCfg = Release|Any CPU
		{8BA43C14-C7BC-4482-8831-11BEE49383D6}.Release|Any CPU.Build.0 = Release|Any CPU
		{6981A09E-0EE9-403B-B68E-525EAD4FA822}.Debug|Any CPU.ActiveCfg = Debug|Any CPU
		{6981A09E-0EE9-403B-B68E-525EAD4FA822}.Debug|Any CPU.Build.0 = Debug|Any CPU
		{6981A09E-0EE9-403B-B68E-525EAD4FA822}.Release|Any CPU.ActiveCfg = Release|Any CPU
		{6981A09E-0EE9-403B-B68E-525EAD4FA822}.Release|Any CPU.Build.0 = Release|Any CPU
		{B755E757-F31B-4C62-B878-D0D147E48D99}.Debug|Any CPU.ActiveCfg = Debug|Any CPU
		{B755E757-F31B-4C62-B878-D0D147E48D99}.Debug|Any CPU.Build.0 = Debug|Any CPU
		{B755E757-F31B-4C62-B878-D0D147E48D99}.Release|Any CPU.ActiveCfg = Release|Any CPU
		{B755E757-F31B-4C62-B878-D0D147E48D99}.Release|Any CPU.Build.0 = Release|Any CPU
		{E7678990-2A20-4C9A-B21E-57F98BF58B74}.Debug|Any CPU.ActiveCfg = Debug|Any CPU
		{E7678990-2A20-4C9A-B21E-57F98BF58B74}.Debug|Any CPU.Build.0 = Debug|Any CPU
		{E7678990-2A20-4C9A-B21E-57F98BF58B74}.Release|Any CPU.ActiveCfg = Release|Any CPU
		{E7678990-2A20-4C9A-B21E-57F98BF58B74}.Release|Any CPU.Build.0 = Release|Any CPU
		{8ECC72B0-017D-41E3-BA3E-6C2A311ACD2B}.Debug|Any CPU.ActiveCfg = Debug|Any CPU
		{8ECC72B0-017D-41E3-BA3E-6C2A311ACD2B}.Debug|Any CPU.Build.0 = Debug|Any CPU
		{8ECC72B0-017D-41E3-BA3E-6C2A311ACD2B}.Release|Any CPU.ActiveCfg = Release|Any CPU
		{8ECC72B0-017D-41E3-BA3E-6C2A311ACD2B}.Release|Any CPU.Build.0 = Release|Any CPU
		{D6A579B5-E345-46EA-9EA9-9520AD3C3360}.Debug|Any CPU.ActiveCfg = Debug|Any CPU
		{D6A579B5-E345-46EA-9EA9-9520AD3C3360}.Debug|Any CPU.Build.0 = Debug|Any CPU
		{D6A579B5-E345-46EA-9EA9-9520AD3C3360}.Release|Any CPU.ActiveCfg = Release|Any CPU
		{D6A579B5-E345-46EA-9EA9-9520AD3C3360}.Release|Any CPU.Build.0 = Release|Any CPU
		{8B11DFD2-75E5-4637-AD6D-B0FB50B7DE6A}.Debug|Any CPU.ActiveCfg = Debug|Any CPU
		{8B11DFD2-75E5-4637-AD6D-B0FB50B7DE6A}.Debug|Any CPU.Build.0 = Debug|Any CPU
		{8B11DFD2-75E5-4637-AD6D-B0FB50B7DE6A}.Release|Any CPU.ActiveCfg = Release|Any CPU
		{8B11DFD2-75E5-4637-AD6D-B0FB50B7DE6A}.Release|Any CPU.Build.0 = Release|Any CPU
		{CDF36246-2568-4C24-8838-8E663B0E4171}.Debug|Any CPU.ActiveCfg = Debug|Any CPU
		{CDF36246-2568-4C24-8838-8E663B0E4171}.Debug|Any CPU.Build.0 = Debug|Any CPU
		{CDF36246-2568-4C24-8838-8E663B0E4171}.Release|Any CPU.ActiveCfg = Release|Any CPU
		{CDF36246-2568-4C24-8838-8E663B0E4171}.Release|Any CPU.Build.0 = Release|Any CPU
		{873AD453-E537-4E7E-B796-306B311760FC}.Debug|Any CPU.ActiveCfg = Debug|Any CPU
		{873AD453-E537-4E7E-B796-306B311760FC}.Debug|Any CPU.Build.0 = Debug|Any CPU
		{873AD453-E537-4E7E-B796-306B311760FC}.Release|Any CPU.ActiveCfg = Release|Any CPU
		{873AD453-E537-4E7E-B796-306B311760FC}.Release|Any CPU.Build.0 = Release|Any CPU
		{4BA383BF-5533-4BE5-AA10-6BB3CC255F03}.Debug|Any CPU.ActiveCfg = Debug|Any CPU
		{4BA383BF-5533-4BE5-AA10-6BB3CC255F03}.Debug|Any CPU.Build.0 = Debug|Any CPU
		{4BA383BF-5533-4BE5-AA10-6BB3CC255F03}.Release|Any CPU.ActiveCfg = Release|Any CPU
		{4BA383BF-5533-4BE5-AA10-6BB3CC255F03}.Release|Any CPU.Build.0 = Release|Any CPU
		{D39131F8-E62E-4506-B3BC-781994A05F7E}.Debug|Any CPU.ActiveCfg = Debug|Any CPU
		{D39131F8-E62E-4506-B3BC-781994A05F7E}.Debug|Any CPU.Build.0 = Debug|Any CPU
		{D39131F8-E62E-4506-B3BC-781994A05F7E}.Release|Any CPU.ActiveCfg = Release|Any CPU
		{D39131F8-E62E-4506-B3BC-781994A05F7E}.Release|Any CPU.Build.0 = Release|Any CPU
		{316410E0-0373-4056-AB8C-A811AC1D1BED}.Debug|Any CPU.ActiveCfg = Debug|Any CPU
		{316410E0-0373-4056-AB8C-A811AC1D1BED}.Debug|Any CPU.Build.0 = Debug|Any CPU
		{316410E0-0373-4056-AB8C-A811AC1D1BED}.Release|Any CPU.ActiveCfg = Release|Any CPU
		{316410E0-0373-4056-AB8C-A811AC1D1BED}.Release|Any CPU.Build.0 = Release|Any CPU
		{67697729-2B9B-41C7-B1CE-C6C82AA0DCB8}.Debug|Any CPU.ActiveCfg = Debug|Any CPU
		{67697729-2B9B-41C7-B1CE-C6C82AA0DCB8}.Debug|Any CPU.Build.0 = Debug|Any CPU
		{67697729-2B9B-41C7-B1CE-C6C82AA0DCB8}.Release|Any CPU.ActiveCfg = Release|Any CPU
		{67697729-2B9B-41C7-B1CE-C6C82AA0DCB8}.Release|Any CPU.Build.0 = Release|Any CPU
		{34208FF2-8FA0-4E08-9E52-4CA80FB645CC}.Debug|Any CPU.ActiveCfg = Debug|Any CPU
		{34208FF2-8FA0-4E08-9E52-4CA80FB645CC}.Debug|Any CPU.Build.0 = Debug|Any CPU
		{34208FF2-8FA0-4E08-9E52-4CA80FB645CC}.Release|Any CPU.ActiveCfg = Release|Any CPU
		{34208FF2-8FA0-4E08-9E52-4CA80FB645CC}.Release|Any CPU.Build.0 = Release|Any CPU
	EndGlobalSection
	GlobalSection(SolutionProperties) = preSolution
		HideSolutionNode = FALSE
	EndGlobalSection
	GlobalSection(NestedProjects) = preSolution
		{FBBA7A26-DF04-4F01-9513-4FE1E4DAFC7F} = {EFDCE633-1891-4A77-874F-97520C34FBEB}
		{85EAE1D7-BFA8-4502-9163-FCA88536853F} = {EFDCE633-1891-4A77-874F-97520C34FBEB}
		{6106789F-8D6F-4ADA-9762-6443E9C9C3CF} = {EFDCE633-1891-4A77-874F-97520C34FBEB}
		{8BA43C14-C7BC-4482-8831-11BEE49383D6} = {EFDCE633-1891-4A77-874F-97520C34FBEB}
		{6981A09E-0EE9-403B-B68E-525EAD4FA822} = {A23C006D-FC0E-4740-B14D-D11B4F7F7E8E}
		{B755E757-F31B-4C62-B878-D0D147E48D99} = {A23C006D-FC0E-4740-B14D-D11B4F7F7E8E}
		{E7678990-2A20-4C9A-B21E-57F98BF58B74} = {A23C006D-FC0E-4740-B14D-D11B4F7F7E8E}
		{8ECC72B0-017D-41E3-BA3E-6C2A311ACD2B} = {A23C006D-FC0E-4740-B14D-D11B4F7F7E8E}
		{D6A579B5-E345-46EA-9EA9-9520AD3C3360} = {DE116D74-728C-497D-9837-227448022529}
		{8B11DFD2-75E5-4637-AD6D-B0FB50B7DE6A} = {DE116D74-728C-497D-9837-227448022529}
		{CDF36246-2568-4C24-8838-8E663B0E4171} = {DE116D74-728C-497D-9837-227448022529}
		{873AD453-E537-4E7E-B796-306B311760FC} = {DE116D74-728C-497D-9837-227448022529}
		{4BA383BF-5533-4BE5-AA10-6BB3CC255F03} = {DE116D74-728C-497D-9837-227448022529}
		{D39131F8-E62E-4506-B3BC-781994A05F7E} = {DE116D74-728C-497D-9837-227448022529}
		{316410E0-0373-4056-AB8C-A811AC1D1BED} = {DE116D74-728C-497D-9837-227448022529}
		{67697729-2B9B-41C7-B1CE-C6C82AA0DCB8} = {DE116D74-728C-497D-9837-227448022529}
		{34208FF2-8FA0-4E08-9E52-4CA80FB645CC} = {84BF2483-2EDE-48B7-94B6-ACBA7C843C76}
	EndGlobalSection
	GlobalSection(ExtensibilityGlobals) = postSolution
		SolutionGuid = {0CF4AC00-2731-4D25-8215-D487EAE710BC}
	EndGlobalSection
EndGlobal
